# This file is autogenerated, do not edit; changes may be undone by the next 'dep ensure'.


[[projects]]
  branch = "master"
  name = "github.com/PagerDuty/godspeed"
  packages = ["."]
  revision = "6d136386b5f291797c77764dfd2acc950dc27347"

[[projects]]
  branch = "master"
  name = "github.com/mdlayher/apcupsd"
  packages = ["."]
  revision = "2fdb254ccc128cac593b524075e437e0ff1c7663"

[solve-meta]
  analyzer-name = "dep"
  analyzer-version = 1
  inputs-digest = "4dc0048bcf6c08dab259e388c046463d47bfc497cf4213600f98d2393fcd9ebb"
  solver-name = "gps-cdcl"
  solver-version = 1
